
Microsoft Visual Studio Solution File, Format Version 12.00
# Visual Studio 15
VisualStudioVersion = 15.0.26510.0
MinimumVisualStudioVersion = 10.0.40219.1
Project("{2150E333-8FDC-42A3-9474-1A3956D46DE8}") = "Docs", "Docs", "{EBDF2FD3-8F8F-4D2B-AE0D-D32ED15067A3}"
	ProjectSection(SolutionItems) = preProject
		Docs\re-BUILD 2017 Roadshow.pdf = Docs\re-BUILD 2017 Roadshow.pdf
	EndProjectSection
EndProject
Project("{9A19103F-16F7-4668-BE54-9A1E7A4F7556}") = "Rebuild17-Shared", "Rebuild17-Shared\Rebuild17-Shared.csproj", "{F0E96843-A992-4F8A-A3A4-9F51CFE517DD}"
EndProject
Project("{9A19103F-16F7-4668-BE54-9A1E7A4F7556}") = "Rebuild17-Core", "Rebuild17-Core\Rebuild17-Core.csproj", "{9E865B21-ABC7-4DDC-907C-CE5924682A93}"
EndProject
Project("{FAE04EC0-301F-11D3-BF4B-00C04F79EFBC}") = "Rebuild_UTS", "Rebuild-UTS\Rebuild_UTS.csproj", "{5D05E45A-A640-4DEB-8A89-A9282E8E8BFD}"
EndProject
Project("{2150E333-8FDC-42A3-9474-1A3956D46DE8}") = "Mobile", "Mobile", "{A89391DE-65C3-4765-BCB3-E78F53C9B956}"
EndProject
Project("{D954291E-2A0B-460D-934E-DC6B0785DB48}") = "MyRoadshowApp", "MyRoadshowApp\MyRoadshowApp\MyRoadshowApp.shproj", "{BBB27797-DB1D-4023-BB7D-6C448C4FCAA6}"
EndProject
Project("{FAE04EC0-301F-11D3-BF4B-00C04F79EFBC}") = "MyRoadshowApp.Android", "MyRoadshowApp\MyRoadshowApp.Android\MyRoadshowApp.Android.csproj", "{1C581FE5-8768-45DA-8E3F-E57303A3CB84}"
EndProject
Project("{FAE04EC0-301F-11D3-BF4B-00C04F79EFBC}") = "MyRoadshowApp.iOS", "MyRoadshowApp\MyRoadshowApp.iOS\MyRoadshowApp.iOS.csproj", "{B99E2AE2-6E09-43FC-AF53-AE3986E5804F}"
EndProject
Project("{FAE04EC0-301F-11D3-BF4B-00C04F79EFBC}") = "MyRoadshowApp.UWP", "MyRoadshowApp\MyRoadshowApp.UWP\MyRoadshowApp.UWP.csproj", "{07B83DCF-A2DA-48D8-A331-C9665045C091}"
EndProject
Project("{FAE04EC0-301F-11D3-BF4B-00C04F79EFBC}") = "UITest1", "UITest1\UITest1.csproj", "{17C3204F-24AB-4795-9C15-387C700014FA}"
EndProject
Project("{E53339B2-1760-4266-BCC7-CA923CBCF16C}") = "docker-compose", "docker-compose.dcproj", "{3A56AF15-DE1B-4944-B8AA-660CAE97547F}"
EndProject
Global
	GlobalSection(SharedMSBuildProjectFiles) = preSolution
		MyRoadshowApp\MyRoadshowApp\MyRoadshowApp.projitems*{07b83dcf-a2da-48d8-a331-c9665045c091}*SharedItemsImports = 4
		MyRoadshowApp\MyRoadshowApp\MyRoadshowApp.projitems*{1c581fe5-8768-45da-8e3f-e57303a3cb84}*SharedItemsImports = 4
		MyRoadshowApp\MyRoadshowApp\MyRoadshowApp.projitems*{b99e2ae2-6e09-43fc-af53-ae3986e5804f}*SharedItemsImports = 4
		MyRoadshowApp\MyRoadshowApp\MyRoadshowApp.projitems*{bbb27797-db1d-4023-bb7d-6c448c4fcaa6}*SharedItemsImports = 13
	EndGlobalSection
	GlobalSection(SolutionConfigurationPlatforms) = preSolution
		Ad-Hoc|Any CPU = Ad-Hoc|Any CPU
		Ad-Hoc|ARM = Ad-Hoc|ARM
		Ad-Hoc|iPhone = Ad-Hoc|iPhone
		Ad-Hoc|iPhoneSimulator = Ad-Hoc|iPhoneSimulator
		Ad-Hoc|x64 = Ad-Hoc|x64
		Ad-Hoc|x86 = Ad-Hoc|x86
		AppStore|Any CPU = AppStore|Any CPU
		AppStore|ARM = AppStore|ARM
		AppStore|iPhone = AppStore|iPhone
		AppStore|iPhoneSimulator = AppStore|iPhoneSimulator
		AppStore|x64 = AppStore|x64
		AppStore|x86 = AppStore|x86
		Debug|Any CPU = Debug|Any CPU
		Debug|ARM = Debug|ARM
		Debug|iPhone = Debug|iPhone
		Debug|iPhoneSimulator = Debug|iPhoneSimulator
		Debug|x64 = Debug|x64
		Debug|x86 = Debug|x86
		Release|Any CPU = Release|Any CPU
		Release|ARM = Release|ARM
		Release|iPhone = Release|iPhone
		Release|iPhoneSimulator = Release|iPhoneSimulator
		Release|x64 = Release|x64
		Release|x86 = Release|x86
	EndGlobalSection
	GlobalSection(ProjectConfigurationPlatforms) = postSolution
		{F0E96843-A992-4F8A-A3A4-9F51CFE517DD}.Ad-Hoc|Any CPU.ActiveCfg = Release|Any CPU
		{F0E96843-A992-4F8A-A3A4-9F51CFE517DD}.Ad-Hoc|Any CPU.Build.0 = Release|Any CPU
		{F0E96843-A992-4F8A-A3A4-9F51CFE517DD}.Ad-Hoc|ARM.ActiveCfg = Release|Any CPU
		{F0E96843-A992-4F8A-A3A4-9F51CFE517DD}.Ad-Hoc|ARM.Build.0 = Release|Any CPU
		{F0E96843-A992-4F8A-A3A4-9F51CFE517DD}.Ad-Hoc|iPhone.ActiveCfg = Release|Any CPU
		{F0E96843-A992-4F8A-A3A4-9F51CFE517DD}.Ad-Hoc|iPhone.Build.0 = Release|Any CPU
		{F0E96843-A992-4F8A-A3A4-9F51CFE517DD}.Ad-Hoc|iPhoneSimulator.ActiveCfg = Release|Any CPU
		{F0E96843-A992-4F8A-A3A4-9F51CFE517DD}.Ad-Hoc|iPhoneSimulator.Build.0 = Release|Any CPU
		{F0E96843-A992-4F8A-A3A4-9F51CFE517DD}.Ad-Hoc|x64.ActiveCfg = Release|Any CPU
		{F0E96843-A992-4F8A-A3A4-9F51CFE517DD}.Ad-Hoc|x64.Build.0 = Release|Any CPU
		{F0E96843-A992-4F8A-A3A4-9F51CFE517DD}.Ad-Hoc|x86.ActiveCfg = Release|Any CPU
		{F0E96843-A992-4F8A-A3A4-9F51CFE517DD}.Ad-Hoc|x86.Build.0 = Release|Any CPU
		{F0E96843-A992-4F8A-A3A4-9F51CFE517DD}.AppStore|Any CPU.ActiveCfg = Release|Any CPU
		{F0E96843-A992-4F8A-A3A4-9F51CFE517DD}.AppStore|Any CPU.Build.0 = Release|Any CPU
		{F0E96843-A992-4F8A-A3A4-9F51CFE517DD}.AppStore|ARM.ActiveCfg = Release|Any CPU
		{F0E96843-A992-4F8A-A3A4-9F51CFE517DD}.AppStore|ARM.Build.0 = Release|Any CPU
		{F0E96843-A992-4F8A-A3A4-9F51CFE517DD}.AppStore|iPhone.ActiveCfg = Release|Any CPU
		{F0E96843-A992-4F8A-A3A4-9F51CFE517DD}.AppStore|iPhone.Build.0 = Release|Any CPU
		{F0E96843-A992-4F8A-A3A4-9F51CFE517DD}.AppStore|iPhoneSimulator.ActiveCfg = Release|Any CPU
		{F0E96843-A992-4F8A-A3A4-9F51CFE517DD}.AppStore|iPhoneSimulator.Build.0 = Release|Any CPU
		{F0E96843-A992-4F8A-A3A4-9F51CFE517DD}.AppStore|x64.ActiveCfg = Release|Any CPU
		{F0E96843-A992-4F8A-A3A4-9F51CFE517DD}.AppStore|x64.Build.0 = Release|Any CPU
		{F0E96843-A992-4F8A-A3A4-9F51CFE517DD}.AppStore|x86.ActiveCfg = Release|Any CPU
		{F0E96843-A992-4F8A-A3A4-9F51CFE517DD}.AppStore|x86.Build.0 = Release|Any CPU
		{F0E96843-A992-4F8A-A3A4-9F51CFE517DD}.Debug|Any CPU.ActiveCfg = Debug|Any CPU
		{F0E96843-A992-4F8A-A3A4-9F51CFE517DD}.Debug|Any CPU.Build.0 = Debug|Any CPU
		{F0E96843-A992-4F8A-A3A4-9F51CFE517DD}.Debug|ARM.ActiveCfg = Debug|Any CPU
		{F0E96843-A992-4F8A-A3A4-9F51CFE517DD}.Debug|ARM.Build.0 = Debug|Any CPU
		{F0E96843-A992-4F8A-A3A4-9F51CFE517DD}.Debug|iPhone.ActiveCfg = Debug|Any CPU
		{F0E96843-A992-4F8A-A3A4-9F51CFE517DD}.Debug|iPhone.Build.0 = Debug|Any CPU
		{F0E96843-A992-4F8A-A3A4-9F51CFE517DD}.Debug|iPhoneSimulator.ActiveCfg = Debug|Any CPU
		{F0E96843-A992-4F8A-A3A4-9F51CFE517DD}.Debug|iPhoneSimulator.Build.0 = Debug|Any CPU
		{F0E96843-A992-4F8A-A3A4-9F51CFE517DD}.Debug|x64.ActiveCfg = Debug|Any CPU
		{F0E96843-A992-4F8A-A3A4-9F51CFE517DD}.Debug|x64.Build.0 = Debug|Any CPU
		{F0E96843-A992-4F8A-A3A4-9F51CFE517DD}.Debug|x86.ActiveCfg = Debug|Any CPU
		{F0E96843-A992-4F8A-A3A4-9F51CFE517DD}.Debug|x86.Build.0 = Debug|Any CPU
		{F0E96843-A992-4F8A-A3A4-9F51CFE517DD}.Release|Any CPU.ActiveCfg = Release|Any CPU
		{F0E96843-A992-4F8A-A3A4-9F51CFE517DD}.Release|Any CPU.Build.0 = Release|Any CPU
		{F0E96843-A992-4F8A-A3A4-9F51CFE517DD}.Release|ARM.ActiveCfg = Release|Any CPU
		{F0E96843-A992-4F8A-A3A4-9F51CFE517DD}.Release|ARM.Build.0 = Release|Any CPU
		{F0E96843-A992-4F8A-A3A4-9F51CFE517DD}.Release|iPhone.ActiveCfg = Release|Any CPU
		{F0E96843-A992-4F8A-A3A4-9F51CFE517DD}.Release|iPhone.Build.0 = Release|Any CPU
		{F0E96843-A992-4F8A-A3A4-9F51CFE517DD}.Release|iPhoneSimulator.ActiveCfg = Release|Any CPU
		{F0E96843-A992-4F8A-A3A4-9F51CFE517DD}.Release|iPhoneSimulator.Build.0 = Release|Any CPU
		{F0E96843-A992-4F8A-A3A4-9F51CFE517DD}.Release|x64.ActiveCfg = Release|Any CPU
		{F0E96843-A992-4F8A-A3A4-9F51CFE517DD}.Release|x64.Build.0 = Release|Any CPU
		{F0E96843-A992-4F8A-A3A4-9F51CFE517DD}.Release|x86.ActiveCfg = Release|Any CPU
		{F0E96843-A992-4F8A-A3A4-9F51CFE517DD}.Release|x86.Build.0 = Release|Any CPU
		{9E865B21-ABC7-4DDC-907C-CE5924682A93}.Ad-Hoc|Any CPU.ActiveCfg = Release|Any CPU
		{9E865B21-ABC7-4DDC-907C-CE5924682A93}.Ad-Hoc|Any CPU.Build.0 = Release|Any CPU
		{9E865B21-ABC7-4DDC-907C-CE5924682A93}.Ad-Hoc|ARM.ActiveCfg = Release|Any CPU
		{9E865B21-ABC7-4DDC-907C-CE5924682A93}.Ad-Hoc|ARM.Build.0 = Release|Any CPU
		{9E865B21-ABC7-4DDC-907C-CE5924682A93}.Ad-Hoc|iPhone.ActiveCfg = Release|Any CPU
		{9E865B21-ABC7-4DDC-907C-CE5924682A93}.Ad-Hoc|iPhone.Build.0 = Release|Any CPU
		{9E865B21-ABC7-4DDC-907C-CE5924682A93}.Ad-Hoc|iPhoneSimulator.ActiveCfg = Release|Any CPU
		{9E865B21-ABC7-4DDC-907C-CE5924682A93}.Ad-Hoc|iPhoneSimulator.Build.0 = Release|Any CPU
		{9E865B21-ABC7-4DDC-907C-CE5924682A93}.Ad-Hoc|x64.ActiveCfg = Release|Any CPU
		{9E865B21-ABC7-4DDC-907C-CE5924682A93}.Ad-Hoc|x64.Build.0 = Release|Any CPU
		{9E865B21-ABC7-4DDC-907C-CE5924682A93}.Ad-Hoc|x86.ActiveCfg = Release|Any CPU
		{9E865B21-ABC7-4DDC-907C-CE5924682A93}.Ad-Hoc|x86.Build.0 = Release|Any CPU
		{9E865B21-ABC7-4DDC-907C-CE5924682A93}.AppStore|Any CPU.ActiveCfg = Release|Any CPU
		{9E865B21-ABC7-4DDC-907C-CE5924682A93}.AppStore|Any CPU.Build.0 = Release|Any CPU
		{9E865B21-ABC7-4DDC-907C-CE5924682A93}.AppStore|ARM.ActiveCfg = Release|Any CPU
		{9E865B21-ABC7-4DDC-907C-CE5924682A93}.AppStore|ARM.Build.0 = Release|Any CPU
		{9E865B21-ABC7-4DDC-907C-CE5924682A93}.AppStore|iPhone.ActiveCfg = Release|Any CPU
		{9E865B21-ABC7-4DDC-907C-CE5924682A93}.AppStore|iPhone.Build.0 = Release|Any CPU
		{9E865B21-ABC7-4DDC-907C-CE5924682A93}.AppStore|iPhoneSimulator.ActiveCfg = Release|Any CPU
		{9E865B21-ABC7-4DDC-907C-CE5924682A93}.AppStore|iPhoneSimulator.Build.0 = Release|Any CPU
		{9E865B21-ABC7-4DDC-907C-CE5924682A93}.AppStore|x64.ActiveCfg = Release|Any CPU
		{9E865B21-ABC7-4DDC-907C-CE5924682A93}.AppStore|x64.Build.0 = Release|Any CPU
		{9E865B21-ABC7-4DDC-907C-CE5924682A93}.AppStore|x86.ActiveCfg = Release|Any CPU
		{9E865B21-ABC7-4DDC-907C-CE5924682A93}.AppStore|x86.Build.0 = Release|Any CPU
		{9E865B21-ABC7-4DDC-907C-CE5924682A93}.Debug|Any CPU.ActiveCfg = Debug|Any CPU
		{9E865B21-ABC7-4DDC-907C-CE5924682A93}.Debug|Any CPU.Build.0 = Debug|Any CPU
		{9E865B21-ABC7-4DDC-907C-CE5924682A93}.Debug|ARM.ActiveCfg = Debug|Any CPU
		{9E865B21-ABC7-4DDC-907C-CE5924682A93}.Debug|ARM.Build.0 = Debug|Any CPU
		{9E865B21-ABC7-4DDC-907C-CE5924682A93}.Debug|iPhone.ActiveCfg = Debug|Any CPU
		{9E865B21-ABC7-4DDC-907C-CE5924682A93}.Debug|iPhone.Build.0 = Debug|Any CPU
		{9E865B21-ABC7-4DDC-907C-CE5924682A93}.Debug|iPhoneSimulator.ActiveCfg = Debug|Any CPU
		{9E865B21-ABC7-4DDC-907C-CE5924682A93}.Debug|iPhoneSimulator.Build.0 = Debug|Any CPU
		{9E865B21-ABC7-4DDC-907C-CE5924682A93}.Debug|x64.ActiveCfg = Debug|Any CPU
		{9E865B21-ABC7-4DDC-907C-CE5924682A93}.Debug|x64.Build.0 = Debug|Any CPU
		{9E865B21-ABC7-4DDC-907C-CE5924682A93}.Debug|x86.ActiveCfg = Debug|Any CPU
		{9E865B21-ABC7-4DDC-907C-CE5924682A93}.Debug|x86.Build.0 = Debug|Any CPU
		{9E865B21-ABC7-4DDC-907C-CE5924682A93}.Release|Any CPU.ActiveCfg = Release|Any CPU
		{9E865B21-ABC7-4DDC-907C-CE5924682A93}.Release|Any CPU.Build.0 = Release|Any CPU
		{9E865B21-ABC7-4DDC-907C-CE5924682A93}.Release|ARM.ActiveCfg = Release|Any CPU
		{9E865B21-ABC7-4DDC-907C-CE5924682A93}.Release|ARM.Build.0 = Release|Any CPU
		{9E865B21-ABC7-4DDC-907C-CE5924682A93}.Release|iPhone.ActiveCfg = Release|Any CPU
		{9E865B21-ABC7-4DDC-907C-CE5924682A93}.Release|iPhone.Build.0 = Release|Any CPU
		{9E865B21-ABC7-4DDC-907C-CE5924682A93}.Release|iPhoneSimulator.ActiveCfg = Release|Any CPU
		{9E865B21-ABC7-4DDC-907C-CE5924682A93}.Release|iPhoneSimulator.Build.0 = Release|Any CPU
		{9E865B21-ABC7-4DDC-907C-CE5924682A93}.Release|x64.ActiveCfg = Release|Any CPU
		{9E865B21-ABC7-4DDC-907C-CE5924682A93}.Release|x64.Build.0 = Release|Any CPU
		{9E865B21-ABC7-4DDC-907C-CE5924682A93}.Release|x86.ActiveCfg = Release|Any CPU
		{9E865B21-ABC7-4DDC-907C-CE5924682A93}.Release|x86.Build.0 = Release|Any CPU
		{5D05E45A-A640-4DEB-8A89-A9282E8E8BFD}.Ad-Hoc|Any CPU.ActiveCfg = Release|x64
		{5D05E45A-A640-4DEB-8A89-A9282E8E8BFD}.Ad-Hoc|Any CPU.Build.0 = Release|x64
		{5D05E45A-A640-4DEB-8A89-A9282E8E8BFD}.Ad-Hoc|Any CPU.Deploy.0 = Release|x64
		{5D05E45A-A640-4DEB-8A89-A9282E8E8BFD}.Ad-Hoc|ARM.ActiveCfg = Release|ARM
		{5D05E45A-A640-4DEB-8A89-A9282E8E8BFD}.Ad-Hoc|ARM.Build.0 = Release|ARM
		{5D05E45A-A640-4DEB-8A89-A9282E8E8BFD}.Ad-Hoc|ARM.Deploy.0 = Release|ARM
		{5D05E45A-A640-4DEB-8A89-A9282E8E8BFD}.Ad-Hoc|iPhone.ActiveCfg = Release|x64
		{5D05E45A-A640-4DEB-8A89-A9282E8E8BFD}.Ad-Hoc|iPhone.Build.0 = Release|x64
		{5D05E45A-A640-4DEB-8A89-A9282E8E8BFD}.Ad-Hoc|iPhone.Deploy.0 = Release|x64
		{5D05E45A-A640-4DEB-8A89-A9282E8E8BFD}.Ad-Hoc|iPhoneSimulator.ActiveCfg = Release|x64
		{5D05E45A-A640-4DEB-8A89-A9282E8E8BFD}.Ad-Hoc|iPhoneSimulator.Build.0 = Release|x64
		{5D05E45A-A640-4DEB-8A89-A9282E8E8BFD}.Ad-Hoc|iPhoneSimulator.Deploy.0 = Release|x64
		{5D05E45A-A640-4DEB-8A89-A9282E8E8BFD}.Ad-Hoc|x64.ActiveCfg = Release|x64
		{5D05E45A-A640-4DEB-8A89-A9282E8E8BFD}.Ad-Hoc|x64.Build.0 = Release|x64
		{5D05E45A-A640-4DEB-8A89-A9282E8E8BFD}.Ad-Hoc|x64.Deploy.0 = Release|x64
		{5D05E45A-A640-4DEB-8A89-A9282E8E8BFD}.Ad-Hoc|x86.ActiveCfg = Release|x86
		{5D05E45A-A640-4DEB-8A89-A9282E8E8BFD}.Ad-Hoc|x86.Build.0 = Release|x86
		{5D05E45A-A640-4DEB-8A89-A9282E8E8BFD}.Ad-Hoc|x86.Deploy.0 = Release|x86
		{5D05E45A-A640-4DEB-8A89-A9282E8E8BFD}.AppStore|Any CPU.ActiveCfg = Release|x64
		{5D05E45A-A640-4DEB-8A89-A9282E8E8BFD}.AppStore|Any CPU.Build.0 = Release|x64
		{5D05E45A-A640-4DEB-8A89-A9282E8E8BFD}.AppStore|Any CPU.Deploy.0 = Release|x64
		{5D05E45A-A640-4DEB-8A89-A9282E8E8BFD}.AppStore|ARM.ActiveCfg = Release|ARM
		{5D05E45A-A640-4DEB-8A89-A9282E8E8BFD}.AppStore|ARM.Build.0 = Release|ARM
		{5D05E45A-A640-4DEB-8A89-A9282E8E8BFD}.AppStore|ARM.Deploy.0 = Release|ARM
		{5D05E45A-A640-4DEB-8A89-A9282E8E8BFD}.AppStore|iPhone.ActiveCfg = Release|x64
		{5D05E45A-A640-4DEB-8A89-A9282E8E8BFD}.AppStore|iPhone.Build.0 = Release|x64
		{5D05E45A-A640-4DEB-8A89-A9282E8E8BFD}.AppStore|iPhone.Deploy.0 = Release|x64
		{5D05E45A-A640-4DEB-8A89-A9282E8E8BFD}.AppStore|iPhoneSimulator.ActiveCfg = Release|x64
		{5D05E45A-A640-4DEB-8A89-A9282E8E8BFD}.AppStore|iPhoneSimulator.Build.0 = Release|x64
		{5D05E45A-A640-4DEB-8A89-A9282E8E8BFD}.AppStore|iPhoneSimulator.Deploy.0 = Release|x64
		{5D05E45A-A640-4DEB-8A89-A9282E8E8BFD}.AppStore|x64.ActiveCfg = Release|x64
		{5D05E45A-A640-4DEB-8A89-A9282E8E8BFD}.AppStore|x64.Build.0 = Release|x64
		{5D05E45A-A640-4DEB-8A89-A9282E8E8BFD}.AppStore|x64.Deploy.0 = Release|x64
		{5D05E45A-A640-4DEB-8A89-A9282E8E8BFD}.AppStore|x86.ActiveCfg = Release|x86
		{5D05E45A-A640-4DEB-8A89-A9282E8E8BFD}.AppStore|x86.Build.0 = Release|x86
		{5D05E45A-A640-4DEB-8A89-A9282E8E8BFD}.AppStore|x86.Deploy.0 = Release|x86
		{5D05E45A-A640-4DEB-8A89-A9282E8E8BFD}.Debug|Any CPU.ActiveCfg = Debug|x86
		{5D05E45A-A640-4DEB-8A89-A9282E8E8BFD}.Debug|Any CPU.Build.0 = Debug|x86
		{5D05E45A-A640-4DEB-8A89-A9282E8E8BFD}.Debug|Any CPU.Deploy.0 = Debug|x86
		{5D05E45A-A640-4DEB-8A89-A9282E8E8BFD}.Debug|ARM.ActiveCfg = Debug|ARM
		{5D05E45A-A640-4DEB-8A89-A9282E8E8BFD}.Debug|ARM.Build.0 = Debug|ARM
		{5D05E45A-A640-4DEB-8A89-A9282E8E8BFD}.Debug|ARM.Deploy.0 = Debug|ARM
		{5D05E45A-A640-4DEB-8A89-A9282E8E8BFD}.Debug|iPhone.ActiveCfg = Debug|x86
		{5D05E45A-A640-4DEB-8A89-A9282E8E8BFD}.Debug|iPhoneSimulator.ActiveCfg = Debug|x86
		{5D05E45A-A640-4DEB-8A89-A9282E8E8BFD}.Debug|x64.ActiveCfg = Debug|x64
		{5D05E45A-A640-4DEB-8A89-A9282E8E8BFD}.Debug|x64.Build.0 = Debug|x64
		{5D05E45A-A640-4DEB-8A89-A9282E8E8BFD}.Debug|x64.Deploy.0 = Debug|x64
		{5D05E45A-A640-4DEB-8A89-A9282E8E8BFD}.Debug|x86.ActiveCfg = Debug|x86
		{5D05E45A-A640-4DEB-8A89-A9282E8E8BFD}.Debug|x86.Build.0 = Debug|x86
		{5D05E45A-A640-4DEB-8A89-A9282E8E8BFD}.Debug|x86.Deploy.0 = Debug|x86
		{5D05E45A-A640-4DEB-8A89-A9282E8E8BFD}.Release|Any CPU.ActiveCfg = Release|x86
		{5D05E45A-A640-4DEB-8A89-A9282E8E8BFD}.Release|ARM.ActiveCfg = Release|ARM
		{5D05E45A-A640-4DEB-8A89-A9282E8E8BFD}.Release|ARM.Build.0 = Release|ARM
		{5D05E45A-A640-4DEB-8A89-A9282E8E8BFD}.Release|ARM.Deploy.0 = Release|ARM
		{5D05E45A-A640-4DEB-8A89-A9282E8E8BFD}.Release|iPhone.ActiveCfg = Release|x86
		{5D05E45A-A640-4DEB-8A89-A9282E8E8BFD}.Release|iPhoneSimulator.ActiveCfg = Release|x86
		{5D05E45A-A640-4DEB-8A89-A9282E8E8BFD}.Release|x64.ActiveCfg = Release|x64
		{5D05E45A-A640-4DEB-8A89-A9282E8E8BFD}.Release|x64.Build.0 = Release|x64
		{5D05E45A-A640-4DEB-8A89-A9282E8E8BFD}.Release|x64.Deploy.0 = Release|x64
		{5D05E45A-A640-4DEB-8A89-A9282E8E8BFD}.Release|x86.ActiveCfg = Release|x86
		{5D05E45A-A640-4DEB-8A89-A9282E8E8BFD}.Release|x86.Build.0 = Release|x86
		{5D05E45A-A640-4DEB-8A89-A9282E8E8BFD}.Release|x86.Deploy.0 = Release|x86
		{1C581FE5-8768-45DA-8E3F-E57303A3CB84}.Ad-Hoc|Any CPU.ActiveCfg = Release|Any CPU
		{1C581FE5-8768-45DA-8E3F-E57303A3CB84}.Ad-Hoc|Any CPU.Build.0 = Release|Any CPU
		{1C581FE5-8768-45DA-8E3F-E57303A3CB84}.Ad-Hoc|Any CPU.Deploy.0 = Release|Any CPU
		{1C581FE5-8768-45DA-8E3F-E57303A3CB84}.Ad-Hoc|ARM.ActiveCfg = Release|Any CPU
		{1C581FE5-8768-45DA-8E3F-E57303A3CB84}.Ad-Hoc|ARM.Build.0 = Release|Any CPU
		{1C581FE5-8768-45DA-8E3F-E57303A3CB84}.Ad-Hoc|ARM.Deploy.0 = Release|Any CPU
		{1C581FE5-8768-45DA-8E3F-E57303A3CB84}.Ad-Hoc|iPhone.ActiveCfg = Release|Any CPU
		{1C581FE5-8768-45DA-8E3F-E57303A3CB84}.Ad-Hoc|iPhone.Build.0 = Release|Any CPU
		{1C581FE5-8768-45DA-8E3F-E57303A3CB84}.Ad-Hoc|iPhone.Deploy.0 = Release|Any CPU
		{1C581FE5-8768-45DA-8E3F-E57303A3CB84}.Ad-Hoc|iPhoneSimulator.ActiveCfg = Release|Any CPU
		{1C581FE5-8768-45DA-8E3F-E57303A3CB84}.Ad-Hoc|iPhoneSimulator.Build.0 = Release|Any CPU
		{1C581FE5-8768-45DA-8E3F-E57303A3CB84}.Ad-Hoc|iPhoneSimulator.Deploy.0 = Release|Any CPU
		{1C581FE5-8768-45DA-8E3F-E57303A3CB84}.Ad-Hoc|x64.ActiveCfg = Release|Any CPU
		{1C581FE5-8768-45DA-8E3F-E57303A3CB84}.Ad-Hoc|x64.Build.0 = Release|Any CPU
		{1C581FE5-8768-45DA-8E3F-E57303A3CB84}.Ad-Hoc|x64.Deploy.0 = Release|Any CPU
		{1C581FE5-8768-45DA-8E3F-E57303A3CB84}.Ad-Hoc|x86.ActiveCfg = Release|Any CPU
		{1C581FE5-8768-45DA-8E3F-E57303A3CB84}.Ad-Hoc|x86.Build.0 = Release|Any CPU
		{1C581FE5-8768-45DA-8E3F-E57303A3CB84}.Ad-Hoc|x86.Deploy.0 = Release|Any CPU
		{1C581FE5-8768-45DA-8E3F-E57303A3CB84}.AppStore|Any CPU.ActiveCfg = Release|Any CPU
		{1C581FE5-8768-45DA-8E3F-E57303A3CB84}.AppStore|Any CPU.Build.0 = Release|Any CPU
		{1C581FE5-8768-45DA-8E3F-E57303A3CB84}.AppStore|Any CPU.Deploy.0 = Release|Any CPU
		{1C581FE5-8768-45DA-8E3F-E57303A3CB84}.AppStore|ARM.ActiveCfg = Release|Any CPU
		{1C581FE5-8768-45DA-8E3F-E57303A3CB84}.AppStore|ARM.Build.0 = Release|Any CPU
		{1C581FE5-8768-45DA-8E3F-E57303A3CB84}.AppStore|ARM.Deploy.0 = Release|Any CPU
		{1C581FE5-8768-45DA-8E3F-E57303A3CB84}.AppStore|iPhone.ActiveCfg = Release|Any CPU
		{1C581FE5-8768-45DA-8E3F-E57303A3CB84}.AppStore|iPhone.Build.0 = Release|Any CPU
		{1C581FE5-8768-45DA-8E3F-E57303A3CB84}.AppStore|iPhone.Deploy.0 = Release|Any CPU
		{1C581FE5-8768-45DA-8E3F-E57303A3CB84}.AppStore|iPhoneSimulator.ActiveCfg = Release|Any CPU
		{1C581FE5-8768-45DA-8E3F-E57303A3CB84}.AppStore|iPhoneSimulator.Build.0 = Release|Any CPU
		{1C581FE5-8768-45DA-8E3F-E57303A3CB84}.AppStore|iPhoneSimulator.Deploy.0 = Release|Any CPU
		{1C581FE5-8768-45DA-8E3F-E57303A3CB84}.AppStore|x64.ActiveCfg = Release|Any CPU
		{1C581FE5-8768-45DA-8E3F-E57303A3CB84}.AppStore|x64.Build.0 = Release|Any CPU
		{1C581FE5-8768-45DA-8E3F-E57303A3CB84}.AppStore|x64.Deploy.0 = Release|Any CPU
		{1C581FE5-8768-45DA-8E3F-E57303A3CB84}.AppStore|x86.ActiveCfg = Release|Any CPU
		{1C581FE5-8768-45DA-8E3F-E57303A3CB84}.AppStore|x86.Build.0 = Release|Any CPU
		{1C581FE5-8768-45DA-8E3F-E57303A3CB84}.AppStore|x86.Deploy.0 = Release|Any CPU
		{1C581FE5-8768-45DA-8E3F-E57303A3CB84}.Debug|Any CPU.ActiveCfg = Debug|Any CPU
		{1C581FE5-8768-45DA-8E3F-E57303A3CB84}.Debug|Any CPU.Build.0 = Debug|Any CPU
		{1C581FE5-8768-45DA-8E3F-E57303A3CB84}.Debug|Any CPU.Deploy.0 = Debug|Any CPU
		{1C581FE5-8768-45DA-8E3F-E57303A3CB84}.Debug|ARM.ActiveCfg = Debug|Any CPU
		{1C581FE5-8768-45DA-8E3F-E57303A3CB84}.Debug|ARM.Build.0 = Debug|Any CPU
		{1C581FE5-8768-45DA-8E3F-E57303A3CB84}.Debug|ARM.Deploy.0 = Debug|Any CPU
		{1C581FE5-8768-45DA-8E3F-E57303A3CB84}.Debug|iPhone.ActiveCfg = Debug|Any CPU
		{1C581FE5-8768-45DA-8E3F-E57303A3CB84}.Debug|iPhone.Build.0 = Debug|Any CPU
		{1C581FE5-8768-45DA-8E3F-E57303A3CB84}.Debug|iPhone.Deploy.0 = Debug|Any CPU
		{1C581FE5-8768-45DA-8E3F-E57303A3CB84}.Debug|iPhoneSimulator.ActiveCfg = Debug|Any CPU
		{1C581FE5-8768-45DA-8E3F-E57303A3CB84}.Debug|iPhoneSimulator.Build.0 = Debug|Any CPU
		{1C581FE5-8768-45DA-8E3F-E57303A3CB84}.Debug|iPhoneSimulator.Deploy.0 = Debug|Any CPU
		{1C581FE5-8768-45DA-8E3F-E57303A3CB84}.Debug|x64.ActiveCfg = Debug|Any CPU
		{1C581FE5-8768-45DA-8E3F-E57303A3CB84}.Debug|x64.Build.0 = Debug|Any CPU
		{1C581FE5-8768-45DA-8E3F-E57303A3CB84}.Debug|x64.Deploy.0 = Debug|Any CPU
		{1C581FE5-8768-45DA-8E3F-E57303A3CB84}.Debug|x86.ActiveCfg = Debug|Any CPU
		{1C581FE5-8768-45DA-8E3F-E57303A3CB84}.Debug|x86.Build.0 = Debug|Any CPU
		{1C581FE5-8768-45DA-8E3F-E57303A3CB84}.Debug|x86.Deploy.0 = Debug|Any CPU
		{1C581FE5-8768-45DA-8E3F-E57303A3CB84}.Release|Any CPU.ActiveCfg = Release|Any CPU
		{1C581FE5-8768-45DA-8E3F-E57303A3CB84}.Release|Any CPU.Build.0 = Release|Any CPU
		{1C581FE5-8768-45DA-8E3F-E57303A3CB84}.Release|Any CPU.Deploy.0 = Release|Any CPU
		{1C581FE5-8768-45DA-8E3F-E57303A3CB84}.Release|ARM.ActiveCfg = Release|Any CPU
		{1C581FE5-8768-45DA-8E3F-E57303A3CB84}.Release|ARM.Build.0 = Release|Any CPU
		{1C581FE5-8768-45DA-8E3F-E57303A3CB84}.Release|ARM.Deploy.0 = Release|Any CPU
		{1C581FE5-8768-45DA-8E3F-E57303A3CB84}.Release|iPhone.ActiveCfg = Release|Any CPU
		{1C581FE5-8768-45DA-8E3F-E57303A3CB84}.Release|iPhone.Build.0 = Release|Any CPU
		{1C581FE5-8768-45DA-8E3F-E57303A3CB84}.Release|iPhone.Deploy.0 = Release|Any CPU
		{1C581FE5-8768-45DA-8E3F-E57303A3CB84}.Release|iPhoneSimulator.ActiveCfg = Release|Any CPU
		{1C581FE5-8768-45DA-8E3F-E57303A3CB84}.Release|iPhoneSimulator.Build.0 = Release|Any CPU
		{1C581FE5-8768-45DA-8E3F-E57303A3CB84}.Release|iPhoneSimulator.Deploy.0 = Release|Any CPU
		{1C581FE5-8768-45DA-8E3F-E57303A3CB84}.Release|x64.ActiveCfg = Release|Any CPU
		{1C581FE5-8768-45DA-8E3F-E57303A3CB84}.Release|x64.Build.0 = Release|Any CPU
		{1C581FE5-8768-45DA-8E3F-E57303A3CB84}.Release|x64.Deploy.0 = Release|Any CPU
		{1C581FE5-8768-45DA-8E3F-E57303A3CB84}.Release|x86.ActiveCfg = Release|Any CPU
		{1C581FE5-8768-45DA-8E3F-E57303A3CB84}.Release|x86.Build.0 = Release|Any CPU
		{1C581FE5-8768-45DA-8E3F-E57303A3CB84}.Release|x86.Deploy.0 = Release|Any CPU
		{B99E2AE2-6E09-43FC-AF53-AE3986E5804F}.Ad-Hoc|Any CPU.ActiveCfg = Ad-Hoc|iPhone
		{B99E2AE2-6E09-43FC-AF53-AE3986E5804F}.Ad-Hoc|ARM.ActiveCfg = Ad-Hoc|iPhone
		{B99E2AE2-6E09-43FC-AF53-AE3986E5804F}.Ad-Hoc|iPhone.ActiveCfg = Ad-Hoc|iPhone
		{B99E2AE2-6E09-43FC-AF53-AE3986E5804F}.Ad-Hoc|iPhone.Build.0 = Ad-Hoc|iPhone
		{B99E2AE2-6E09-43FC-AF53-AE3986E5804F}.Ad-Hoc|iPhoneSimulator.ActiveCfg = Ad-Hoc|iPhoneSimulator
		{B99E2AE2-6E09-43FC-AF53-AE3986E5804F}.Ad-Hoc|iPhoneSimulator.Build.0 = Ad-Hoc|iPhoneSimulator
		{B99E2AE2-6E09-43FC-AF53-AE3986E5804F}.Ad-Hoc|x64.ActiveCfg = Ad-Hoc|iPhone
		{B99E2AE2-6E09-43FC-AF53-AE3986E5804F}.Ad-Hoc|x86.ActiveCfg = Ad-Hoc|iPhone
		{B99E2AE2-6E09-43FC-AF53-AE3986E5804F}.AppStore|Any CPU.ActiveCfg = AppStore|iPhone
		{B99E2AE2-6E09-43FC-AF53-AE3986E5804F}.AppStore|ARM.ActiveCfg = AppStore|iPhone
		{B99E2AE2-6E09-43FC-AF53-AE3986E5804F}.AppStore|iPhone.ActiveCfg = AppStore|iPhone
		{B99E2AE2-6E09-43FC-AF53-AE3986E5804F}.AppStore|iPhone.Build.0 = AppStore|iPhone
		{B99E2AE2-6E09-43FC-AF53-AE3986E5804F}.AppStore|iPhoneSimulator.ActiveCfg = AppStore|iPhoneSimulator
		{B99E2AE2-6E09-43FC-AF53-AE3986E5804F}.AppStore|iPhoneSimulator.Build.0 = AppStore|iPhoneSimulator
		{B99E2AE2-6E09-43FC-AF53-AE3986E5804F}.AppStore|x64.ActiveCfg = AppStore|iPhone
		{B99E2AE2-6E09-43FC-AF53-AE3986E5804F}.AppStore|x86.ActiveCfg = AppStore|iPhone
		{B99E2AE2-6E09-43FC-AF53-AE3986E5804F}.Debug|Any CPU.ActiveCfg = Debug|iPhone
		{B99E2AE2-6E09-43FC-AF53-AE3986E5804F}.Debug|ARM.ActiveCfg = Debug|iPhone
		{B99E2AE2-6E09-43FC-AF53-AE3986E5804F}.Debug|iPhone.ActiveCfg = Debug|iPhone
		{B99E2AE2-6E09-43FC-AF53-AE3986E5804F}.Debug|iPhone.Build.0 = Debug|iPhone
		{B99E2AE2-6E09-43FC-AF53-AE3986E5804F}.Debug|iPhoneSimulator.ActiveCfg = Debug|iPhoneSimulator
		{B99E2AE2-6E09-43FC-AF53-AE3986E5804F}.Debug|iPhoneSimulator.Build.0 = Debug|iPhoneSimulator
		{B99E2AE2-6E09-43FC-AF53-AE3986E5804F}.Debug|x64.ActiveCfg = Debug|iPhone
		{B99E2AE2-6E09-43FC-AF53-AE3986E5804F}.Debug|x86.ActiveCfg = Debug|iPhone
		{B99E2AE2-6E09-43FC-AF53-AE3986E5804F}.Release|Any CPU.ActiveCfg = Release|iPhone
		{B99E2AE2-6E09-43FC-AF53-AE3986E5804F}.Release|ARM.ActiveCfg = Release|iPhone
		{B99E2AE2-6E09-43FC-AF53-AE3986E5804F}.Release|iPhone.ActiveCfg = Release|iPhone
		{B99E2AE2-6E09-43FC-AF53-AE3986E5804F}.Release|iPhone.Build.0 = Release|iPhone
		{B99E2AE2-6E09-43FC-AF53-AE3986E5804F}.Release|iPhoneSimulator.ActiveCfg = Release|iPhoneSimulator
		{B99E2AE2-6E09-43FC-AF53-AE3986E5804F}.Release|iPhoneSimulator.Build.0 = Release|iPhoneSimulator
		{B99E2AE2-6E09-43FC-AF53-AE3986E5804F}.Release|x64.ActiveCfg = Release|iPhone
		{B99E2AE2-6E09-43FC-AF53-AE3986E5804F}.Release|x86.ActiveCfg = Release|iPhone
		{07B83DCF-A2DA-48D8-A331-C9665045C091}.Ad-Hoc|Any CPU.ActiveCfg = Release|x86
		{07B83DCF-A2DA-48D8-A331-C9665045C091}.Ad-Hoc|Any CPU.Build.0 = Release|x86
		{07B83DCF-A2DA-48D8-A331-C9665045C091}.Ad-Hoc|Any CPU.Deploy.0 = Release|x86
		{07B83DCF-A2DA-48D8-A331-C9665045C091}.Ad-Hoc|ARM.ActiveCfg = Release|ARM
		{07B83DCF-A2DA-48D8-A331-C9665045C091}.Ad-Hoc|ARM.Build.0 = Release|ARM
		{07B83DCF-A2DA-48D8-A331-C9665045C091}.Ad-Hoc|ARM.Deploy.0 = Release|ARM
		{07B83DCF-A2DA-48D8-A331-C9665045C091}.Ad-Hoc|iPhone.ActiveCfg = Release|x86
		{07B83DCF-A2DA-48D8-A331-C9665045C091}.Ad-Hoc|iPhone.Build.0 = Release|x86
		{07B83DCF-A2DA-48D8-A331-C9665045C091}.Ad-Hoc|iPhone.Deploy.0 = Release|x86
		{07B83DCF-A2DA-48D8-A331-C9665045C091}.Ad-Hoc|iPhoneSimulator.ActiveCfg = Release|x86
		{07B83DCF-A2DA-48D8-A331-C9665045C091}.Ad-Hoc|iPhoneSimulator.Build.0 = Release|x86
		{07B83DCF-A2DA-48D8-A331-C9665045C091}.Ad-Hoc|iPhoneSimulator.Deploy.0 = Release|x86
		{07B83DCF-A2DA-48D8-A331-C9665045C091}.Ad-Hoc|x64.ActiveCfg = Release|x64
		{07B83DCF-A2DA-48D8-A331-C9665045C091}.Ad-Hoc|x64.Build.0 = Release|x64
		{07B83DCF-A2DA-48D8-A331-C9665045C091}.Ad-Hoc|x64.Deploy.0 = Release|x64
		{07B83DCF-A2DA-48D8-A331-C9665045C091}.Ad-Hoc|x86.ActiveCfg = Release|x86
		{07B83DCF-A2DA-48D8-A331-C9665045C091}.Ad-Hoc|x86.Build.0 = Release|x86
		{07B83DCF-A2DA-48D8-A331-C9665045C091}.Ad-Hoc|x86.Deploy.0 = Release|x86
		{07B83DCF-A2DA-48D8-A331-C9665045C091}.AppStore|Any CPU.ActiveCfg = Release|x86
		{07B83DCF-A2DA-48D8-A331-C9665045C091}.AppStore|Any CPU.Build.0 = Release|x86
		{07B83DCF-A2DA-48D8-A331-C9665045C091}.AppStore|Any CPU.Deploy.0 = Release|x86
		{07B83DCF-A2DA-48D8-A331-C9665045C091}.AppStore|ARM.ActiveCfg = Release|ARM
		{07B83DCF-A2DA-48D8-A331-C9665045C091}.AppStore|ARM.Build.0 = Release|ARM
		{07B83DCF-A2DA-48D8-A331-C9665045C091}.AppStore|ARM.Deploy.0 = Release|ARM
		{07B83DCF-A2DA-48D8-A331-C9665045C091}.AppStore|iPhone.ActiveCfg = Release|x86
		{07B83DCF-A2DA-48D8-A331-C9665045C091}.AppStore|iPhone.Build.0 = Release|x86
		{07B83DCF-A2DA-48D8-A331-C9665045C091}.AppStore|iPhone.Deploy.0 = Release|x86
		{07B83DCF-A2DA-48D8-A331-C9665045C091}.AppStore|iPhoneSimulator.ActiveCfg = Release|x86
		{07B83DCF-A2DA-48D8-A331-C9665045C091}.AppStore|iPhoneSimulator.Build.0 = Release|x86
		{07B83DCF-A2DA-48D8-A331-C9665045C091}.AppStore|iPhoneSimulator.Deploy.0 = Release|x86
		{07B83DCF-A2DA-48D8-A331-C9665045C091}.AppStore|x64.ActiveCfg = Release|x64
		{07B83DCF-A2DA-48D8-A331-C9665045C091}.AppStore|x64.Build.0 = Release|x64
		{07B83DCF-A2DA-48D8-A331-C9665045C091}.AppStore|x64.Deploy.0 = Release|x64
		{07B83DCF-A2DA-48D8-A331-C9665045C091}.AppStore|x86.ActiveCfg = Release|x86
		{07B83DCF-A2DA-48D8-A331-C9665045C091}.AppStore|x86.Build.0 = Release|x86
		{07B83DCF-A2DA-48D8-A331-C9665045C091}.AppStore|x86.Deploy.0 = Release|x86
		{07B83DCF-A2DA-48D8-A331-C9665045C091}.Debug|Any CPU.ActiveCfg = Debug|x86
		{07B83DCF-A2DA-48D8-A331-C9665045C091}.Debug|ARM.ActiveCfg = Debug|ARM
		{07B83DCF-A2DA-48D8-A331-C9665045C091}.Debug|ARM.Build.0 = Debug|ARM
		{07B83DCF-A2DA-48D8-A331-C9665045C091}.Debug|ARM.Deploy.0 = Debug|ARM
		{07B83DCF-A2DA-48D8-A331-C9665045C091}.Debug|iPhone.ActiveCfg = Debug|x86
		{07B83DCF-A2DA-48D8-A331-C9665045C091}.Debug|iPhoneSimulator.ActiveCfg = Debug|x86
		{07B83DCF-A2DA-48D8-A331-C9665045C091}.Debug|x64.ActiveCfg = Debug|x64
		{07B83DCF-A2DA-48D8-A331-C9665045C091}.Debug|x64.Build.0 = Debug|x64
		{07B83DCF-A2DA-48D8-A331-C9665045C091}.Debug|x64.Deploy.0 = Debug|x64
		{07B83DCF-A2DA-48D8-A331-C9665045C091}.Debug|x86.ActiveCfg = Debug|x86
		{07B83DCF-A2DA-48D8-A331-C9665045C091}.Debug|x86.Build.0 = Debug|x86
		{07B83DCF-A2DA-48D8-A331-C9665045C091}.Debug|x86.Deploy.0 = Debug|x86
		{07B83DCF-A2DA-48D8-A331-C9665045C091}.Release|Any CPU.ActiveCfg = Release|x86
		{07B83DCF-A2DA-48D8-A331-C9665045C091}.Release|ARM.ActiveCfg = Release|ARM
		{07B83DCF-A2DA-48D8-A331-C9665045C091}.Release|ARM.Build.0 = Release|ARM
		{07B83DCF-A2DA-48D8-A331-C9665045C091}.Release|ARM.Deploy.0 = Release|ARM
		{07B83DCF-A2DA-48D8-A331-C9665045C091}.Release|iPhone.ActiveCfg = Release|x86
		{07B83DCF-A2DA-48D8-A331-C9665045C091}.Release|iPhoneSimulator.ActiveCfg = Release|x86
		{07B83DCF-A2DA-48D8-A331-C9665045C091}.Release|x64.ActiveCfg = Release|x64
		{07B83DCF-A2DA-48D8-A331-C9665045C091}.Release|x64.Build.0 = Release|x64
		{07B83DCF-A2DA-48D8-A331-C9665045C091}.Release|x64.Deploy.0 = Release|x64
		{07B83DCF-A2DA-48D8-A331-C9665045C091}.Release|x86.ActiveCfg = Release|x86
		{07B83DCF-A2DA-48D8-A331-C9665045C091}.Release|x86.Build.0 = Release|x86
		{07B83DCF-A2DA-48D8-A331-C9665045C091}.Release|x86.Deploy.0 = Release|x86
		{17C3204F-24AB-4795-9C15-387C700014FA}.Ad-Hoc|Any CPU.ActiveCfg = Release|Any CPU
		{17C3204F-24AB-4795-9C15-387C700014FA}.Ad-Hoc|Any CPU.Build.0 = Release|Any CPU
		{17C3204F-24AB-4795-9C15-387C700014FA}.Ad-Hoc|ARM.ActiveCfg = Release|Any CPU
		{17C3204F-24AB-4795-9C15-387C700014FA}.Ad-Hoc|ARM.Build.0 = Release|Any CPU
		{17C3204F-24AB-4795-9C15-387C700014FA}.Ad-Hoc|iPhone.ActiveCfg = Release|Any CPU
		{17C3204F-24AB-4795-9C15-387C700014FA}.Ad-Hoc|iPhone.Build.0 = Release|Any CPU
		{17C3204F-24AB-4795-9C15-387C700014FA}.Ad-Hoc|iPhoneSimulator.ActiveCfg = Release|Any CPU
		{17C3204F-24AB-4795-9C15-387C700014FA}.Ad-Hoc|iPhoneSimulator.Build.0 = Release|Any CPU
		{17C3204F-24AB-4795-9C15-387C700014FA}.Ad-Hoc|x64.ActiveCfg = Release|Any CPU
		{17C3204F-24AB-4795-9C15-387C700014FA}.Ad-Hoc|x64.Build.0 = Release|Any CPU
		{17C3204F-24AB-4795-9C15-387C700014FA}.Ad-Hoc|x86.ActiveCfg = Release|Any CPU
		{17C3204F-24AB-4795-9C15-387C700014FA}.Ad-Hoc|x86.Build.0 = Release|Any CPU
		{17C3204F-24AB-4795-9C15-387C700014FA}.AppStore|Any CPU.ActiveCfg = Release|Any CPU
		{17C3204F-24AB-4795-9C15-387C700014FA}.AppStore|Any CPU.Build.0 = Release|Any CPU
		{17C3204F-24AB-4795-9C15-387C700014FA}.AppStore|ARM.ActiveCfg = Release|Any CPU
		{17C3204F-24AB-4795-9C15-387C700014FA}.AppStore|ARM.Build.0 = Release|Any CPU
		{17C3204F-24AB-4795-9C15-387C700014FA}.AppStore|iPhone.ActiveCfg = Release|Any CPU
		{17C3204F-24AB-4795-9C15-387C700014FA}.AppStore|iPhone.Build.0 = Release|Any CPU
		{17C3204F-24AB-4795-9C15-387C700014FA}.AppStore|iPhoneSimulator.ActiveCfg = Release|Any CPU
		{17C3204F-24AB-4795-9C15-387C700014FA}.AppStore|iPhoneSimulator.Build.0 = Release|Any CPU
		{17C3204F-24AB-4795-9C15-387C700014FA}.AppStore|x64.ActiveCfg = Release|Any CPU
		{17C3204F-24AB-4795-9C15-387C700014FA}.AppStore|x64.Build.0 = Release|Any CPU
		{17C3204F-24AB-4795-9C15-387C700014FA}.AppStore|x86.ActiveCfg = Release|Any CPU
		{17C3204F-24AB-4795-9C15-387C700014FA}.AppStore|x86.Build.0 = Release|Any CPU
		{17C3204F-24AB-4795-9C15-387C700014FA}.Debug|Any CPU.ActiveCfg = Debug|Any CPU
		{17C3204F-24AB-4795-9C15-387C700014FA}.Debug|Any CPU.Build.0 = Debug|Any CPU
		{17C3204F-24AB-4795-9C15-387C700014FA}.Debug|ARM.ActiveCfg = Debug|Any CPU
		{17C3204F-24AB-4795-9C15-387C700014FA}.Debug|ARM.Build.0 = Debug|Any CPU
		{17C3204F-24AB-4795-9C15-387C700014FA}.Debug|iPhone.ActiveCfg = Debug|Any CPU
		{17C3204F-24AB-4795-9C15-387C700014FA}.Debug|iPhone.Build.0 = Debug|Any CPU
		{17C3204F-24AB-4795-9C15-387C700014FA}.Debug|iPhoneSimulator.ActiveCfg = Debug|Any CPU
		{17C3204F-24AB-4795-9C15-387C700014FA}.Debug|iPhoneSimulator.Build.0 = Debug|Any CPU
		{17C3204F-24AB-4795-9C15-387C700014FA}.Debug|x64.ActiveCfg = Debug|Any CPU
		{17C3204F-24AB-4795-9C15-387C700014FA}.Debug|x64.Build.0 = Debug|Any CPU
		{17C3204F-24AB-4795-9C15-387C700014FA}.Debug|x86.ActiveCfg = Debug|Any CPU
		{17C3204F-24AB-4795-9C15-387C700014FA}.Debug|x86.Build.0 = Debug|Any CPU
		{17C3204F-24AB-4795-9C15-387C700014FA}.Release|Any CPU.ActiveCfg = Release|Any CPU
		{17C3204F-24AB-4795-9C15-387C700014FA}.Release|Any CPU.Build.0 = Release|Any CPU
		{17C3204F-24AB-4795-9C15-387C700014FA}.Release|ARM.ActiveCfg = Release|Any CPU
		{17C3204F-24AB-4795-9C15-387C700014FA}.Release|ARM.Build.0 = Release|Any CPU
		{17C3204F-24AB-4795-9C15-387C700014FA}.Release|iPhone.ActiveCfg = Release|Any CPU
		{17C3204F-24AB-4795-9C15-387C700014FA}.Release|iPhone.Build.0 = Release|Any CPU
		{17C3204F-24AB-4795-9C15-387C700014FA}.Release|iPhoneSimulator.ActiveCfg = Release|Any CPU
		{17C3204F-24AB-4795-9C15-387C700014FA}.Release|iPhoneSimulator.Build.0 = Release|Any CPU
		{17C3204F-24AB-4795-9C15-387C700014FA}.Release|x64.ActiveCfg = Release|Any CPU
		{17C3204F-24AB-4795-9C15-387C700014FA}.Release|x64.Build.0 = Release|Any CPU
		{17C3204F-24AB-4795-9C15-387C700014FA}.Release|x86.ActiveCfg = Release|Any CPU
		{17C3204F-24AB-4795-9C15-387C700014FA}.Release|x86.Build.0 = Release|Any CPU
		{3A56AF15-DE1B-4944-B8AA-660CAE97547F}.Ad-Hoc|Any CPU.ActiveCfg = Debug|Any CPU
		{3A56AF15-DE1B-4944-B8AA-660CAE97547F}.Ad-Hoc|Any CPU.Build.0 = Debug|Any CPU
		{3A56AF15-DE1B-4944-B8AA-660CAE97547F}.Ad-Hoc|ARM.ActiveCfg = Debug|Any CPU
		{3A56AF15-DE1B-4944-B8AA-660CAE97547F}.Ad-Hoc|ARM.Build.0 = Debug|Any CPU
		{3A56AF15-DE1B-4944-B8AA-660CAE97547F}.Ad-Hoc|iPhone.ActiveCfg = Debug|Any CPU
		{3A56AF15-DE1B-4944-B8AA-660CAE97547F}.Ad-Hoc|iPhone.Build.0 = Debug|Any CPU
		{3A56AF15-DE1B-4944-B8AA-660CAE97547F}.Ad-Hoc|iPhoneSimulator.ActiveCfg = Debug|Any CPU
		{3A56AF15-DE1B-4944-B8AA-660CAE97547F}.Ad-Hoc|iPhoneSimulator.Build.0 = Debug|Any CPU
		{3A56AF15-DE1B-4944-B8AA-660CAE97547F}.Ad-Hoc|x64.ActiveCfg = Debug|Any CPU
		{3A56AF15-DE1B-4944-B8AA-660CAE97547F}.Ad-Hoc|x64.Build.0 = Debug|Any CPU
		{3A56AF15-DE1B-4944-B8AA-660CAE97547F}.Ad-Hoc|x86.ActiveCfg = Debug|Any CPU
		{3A56AF15-DE1B-4944-B8AA-660CAE97547F}.Ad-Hoc|x86.Build.0 = Debug|Any CPU
		{3A56AF15-DE1B-4944-B8AA-660CAE97547F}.AppStore|Any CPU.ActiveCfg = Debug|Any CPU
		{3A56AF15-DE1B-4944-B8AA-660CAE97547F}.AppStore|Any CPU.Build.0 = Debug|Any CPU
		{3A56AF15-DE1B-4944-B8AA-660CAE97547F}.AppStore|ARM.ActiveCfg = Debug|Any CPU
		{3A56AF15-DE1B-4944-B8AA-660CAE97547F}.AppStore|ARM.Build.0 = Debug|Any CPU
		{3A56AF15-DE1B-4944-B8AA-660CAE97547F}.AppStore|iPhone.ActiveCfg = Debug|Any CPU
		{3A56AF15-DE1B-4944-B8AA-660CAE97547F}.AppStore|iPhone.Build.0 = Debug|Any CPU
		{3A56AF15-DE1B-4944-B8AA-660CAE97547F}.AppStore|iPhoneSimulator.ActiveCfg = Debug|Any CPU
		{3A56AF15-DE1B-4944-B8AA-660CAE97547F}.AppStore|iPhoneSimulator.Build.0 = Debug|Any CPU
		{3A56AF15-DE1B-4944-B8AA-660CAE97547F}.AppStore|x64.ActiveCfg = Debug|Any CPU
		{3A56AF15-DE1B-4944-B8AA-660CAE97547F}.AppStore|x64.Build.0 = Debug|Any CPU
		{3A56AF15-DE1B-4944-B8AA-660CAE97547F}.AppStore|x86.ActiveCfg = Debug|Any CPU
		{3A56AF15-DE1B-4944-B8AA-660CAE97547F}.AppStore|x86.Build.0 = Debug|Any CPU
		{3A56AF15-DE1B-4944-B8AA-660CAE97547F}.Debug|Any CPU.ActiveCfg = Debug|Any CPU
		{3A56AF15-DE1B-4944-B8AA-660CAE97547F}.Debug|Any CPU.Build.0 = Debug|Any CPU
		{3A56AF15-DE1B-4944-B8AA-660CAE97547F}.Debug|ARM.ActiveCfg = Debug|Any CPU
		{3A56AF15-DE1B-4944-B8AA-660CAE97547F}.Debug|ARM.Build.0 = Debug|Any CPU
		{3A56AF15-DE1B-4944-B8AA-660CAE97547F}.Debug|iPhone.ActiveCfg = Debug|Any CPU
		{3A56AF15-DE1B-4944-B8AA-660CAE97547F}.Debug|iPhone.Build.0 = Debug|Any CPU
		{3A56AF15-DE1B-4944-B8AA-660CAE97547F}.Debug|iPhoneSimulator.ActiveCfg = Debug|Any CPU
		{3A56AF15-DE1B-4944-B8AA-660CAE97547F}.Debug|iPhoneSimulator.Build.0 = Debug|Any CPU
		{3A56AF15-DE1B-4944-B8AA-660CAE97547F}.Debug|x64.ActiveCfg = Debug|Any CPU
		{3A56AF15-DE1B-4944-B8AA-660CAE97547F}.Debug|x64.Build.0 = Debug|Any CPU
		{3A56AF15-DE1B-4944-B8AA-660CAE97547F}.Debug|x86.ActiveCfg = Debug|Any CPU
		{3A56AF15-DE1B-4944-B8AA-660CAE97547F}.Debug|x86.Build.0 = Debug|Any CPU
		{3A56AF15-DE1B-4944-B8AA-660CAE97547F}.Release|Any CPU.ActiveCfg = Release|Any CPU
		{3A56AF15-DE1B-4944-B8AA-660CAE97547F}.Release|Any CPU.Build.0 = Release|Any CPU
		{3A56AF15-DE1B-4944-B8AA-660CAE97547F}.Release|ARM.ActiveCfg = Release|Any CPU
		{3A56AF15-DE1B-4944-B8AA-660CAE97547F}.Release|ARM.Build.0 = Release|Any CPU
		{3A56AF15-DE1B-4944-B8AA-660CAE97547F}.Release|iPhone.ActiveCfg = Release|Any CPU
		{3A56AF15-DE1B-4944-B8AA-660CAE97547F}.Release|iPhone.Build.0 = Release|Any CPU
		{3A56AF15-DE1B-4944-B8AA-660CAE97547F}.Release|iPhoneSimulator.ActiveCfg = Release|Any CPU
		{3A56AF15-DE1B-4944-B8AA-660CAE97547F}.Release|iPhoneSimulator.Build.0 = Release|Any CPU
		{3A56AF15-DE1B-4944-B8AA-660CAE97547F}.Release|x64.ActiveCfg = Release|Any CPU
		{3A56AF15-DE1B-4944-B8AA-660CAE97547F}.Release|x64.Build.0 = Release|Any CPU
		{3A56AF15-DE1B-4944-B8AA-660CAE97547F}.Release|x86.ActiveCfg = Release|Any CPU
		{3A56AF15-DE1B-4944-B8AA-660CAE97547F}.Release|x86.Build.0 = Release|Any CPU
	EndGlobalSection
	GlobalSection(SolutionProperties) = preSolution
		HideSolutionNode = FALSE
	EndGlobalSection
	GlobalSection(NestedProjects) = preSolution
		{BBB27797-DB1D-4023-BB7D-6C448C4FCAA6} = {A89391DE-65C3-4765-BCB3-E78F53C9B956}
		{1C581FE5-8768-45DA-8E3F-E57303A3CB84} = {A89391DE-65C3-4765-BCB3-E78F53C9B956}
		{B99E2AE2-6E09-43FC-AF53-AE3986E5804F} = {A89391DE-65C3-4765-BCB3-E78F53C9B956}
		{07B83DCF-A2DA-48D8-A331-C9665045C091} = {A89391DE-65C3-4765-BCB3-E78F53C9B956}
		{17C3204F-24AB-4795-9C15-387C700014FA} = {A89391DE-65C3-4765-BCB3-E78F53C9B956}
	EndGlobalSection
EndGlobal
